
Microsoft Visual Studio Solution File, Format Version 12.00
# Visual Studio 15
VisualStudioVersion = 15.0.26906.1
MinimumVisualStudioVersion = 10.0.40219.1
Project("{9A19103F-16F7-4668-BE54-9A1E7A4F7556}") = "HubExample", "HubExample\HubExample.csproj", "{89C6575E-7AC7-4C79-9B83-9D8213A08215}"
	ProjectSection(ProjectDependencies) = postProject
		{4A4C63CC-441A-48A0-B059-8850427FB6E4} = {4A4C63CC-441A-48A0-B059-8850427FB6E4}
	EndProjectSection
EndProject
Project("{9A19103F-16F7-4668-BE54-9A1E7A4F7556}") = "HSockets", "HSockets\HSockets.csproj", "{4A4C63CC-441A-48A0-B059-8850427FB6E4}"
EndProject
Project("{9A19103F-16F7-4668-BE54-9A1E7A4F7556}") = "HSocket.Tests", "HSocket.Tests\HSocket.Tests.csproj", "{C978B090-4F84-41D1-B57F-9C945492E44A}"
	ProjectSection(ProjectDependencies) = postProject
		{4A4C63CC-441A-48A0-B059-8850427FB6E4} = {4A4C63CC-441A-48A0-B059-8850427FB6E4}
	EndProjectSection
EndProject
Project("{9A19103F-16F7-4668-BE54-9A1E7A4F7556}") = "CustomServer", "CustomServer\CustomServer.csproj", "{670CBEE8-D0F6-4B3D-A665-0F7D5E836386}"
	ProjectSection(ProjectDependencies) = postProject
		{4A4C63CC-441A-48A0-B059-8850427FB6E4} = {4A4C63CC-441A-48A0-B059-8850427FB6E4}
	EndProjectSection
EndProject
Global
	GlobalSection(SolutionConfigurationPlatforms) = preSolution
		Debug|Any CPU = Debug|Any CPU
		Release|Any CPU = Release|Any CPU
	EndGlobalSection
	GlobalSection(ProjectConfigurationPlatforms) = postSolution
		{89C6575E-7AC7-4C79-9B83-9D8213A08215}.Debug|Any CPU.ActiveCfg = Debug|Any CPU
		{89C6575E-7AC7-4C79-9B83-9D8213A08215}.Debug|Any CPU.Build.0 = Debug|Any CPU
		{89C6575E-7AC7-4C79-9B83-9D8213A08215}.Release|Any CPU.ActiveCfg = Release|Any CPU
		{89C6575E-7AC7-4C79-9B83-9D8213A08215}.Release|Any CPU.Build.0 = Release|Any CPU
		{4A4C63CC-441A-48A0-B059-8850427FB6E4}.Debug|Any CPU.ActiveCfg = Debug|Any CPU
		{4A4C63CC-441A-48A0-B059-8850427FB6E4}.Debug|Any CPU.Build.0 = Debug|Any CPU
		{4A4C63CC-441A-48A0-B059-8850427FB6E4}.Release|Any CPU.ActiveCfg = Release|Any CPU
		{4A4C63CC-441A-48A0-B059-8850427FB6E4}.Release|Any CPU.Build.0 = Release|Any CPU
		{C978B090-4F84-41D1-B57F-9C945492E44A}.Debug|Any CPU.ActiveCfg = Debug|Any CPU
		{C978B090-4F84-41D1-B57F-9C945492E44A}.Debug|Any CPU.Build.0 = Debug|Any CPU
		{C978B090-4F84-41D1-B57F-9C945492E44A}.Release|Any CPU.ActiveCfg = Release|Any CPU
		{C978B090-4F84-41D1-B57F-9C945492E44A}.Release|Any CPU.Build.0 = Release|Any CPU
		{670CBEE8-D0F6-4B3D-A665-0F7D5E836386}.Debug|Any CPU.ActiveCfg = Debug|Any CPU
		{670CBEE8-D0F6-4B3D-A665-0F7D5E836386}.Debug|Any CPU.Build.0 = Debug|Any CPU
		{670CBEE8-D0F6-4B3D-A665-0F7D5E836386}.Release|Any CPU.ActiveCfg = Release|Any CPU
		{670CBEE8-D0F6-4B3D-A665-0F7D5E836386}.Release|Any CPU.Build.0 = Release|Any CPU
	EndGlobalSection
	GlobalSection(SolutionProperties) = preSolution
		HideSolutionNode = FALSE
	EndGlobalSection
	GlobalSection(ExtensibilityGlobals) = postSolution
		SolutionGuid = {F67B5727-DA19-4A55-A1EB-B68C10E2A0C4}
	EndGlobalSection
EndGlobal
